// !$*UTF8*$!
{
	archiveVersion = 1;
	classes = {
	};
	objectVersion = 50;
	objects = {

/* Begin PBXBuildFile section */
		2676B13B2339545700B3FF34 /* AppDelegate.swift in Sources */ = {isa = PBXBuildFile; fileRef = 2676B13A2339545700B3FF34 /* AppDelegate.swift */; };
		2676B13D2339545700B3FF34 /* SceneDelegate.swift in Sources */ = {isa = PBXBuildFile; fileRef = 2676B13C2339545700B3FF34 /* SceneDelegate.swift */; };
		2676B13F2339545700B3FF34 /* ViewController.swift in Sources */ = {isa = PBXBuildFile; fileRef = 2676B13E2339545700B3FF34 /* ViewController.swift */; };
		2676B1422339545700B3FF34 /* Main.storyboard in Resources */ = {isa = PBXBuildFile; fileRef = 2676B1402339545700B3FF34 /* Main.storyboard */; };
		2676B1442339545C00B3FF34 /* Assets.xcassets in Resources */ = {isa = PBXBuildFile; fileRef = 2676B1432339545C00B3FF34 /* Assets.xcassets */; };
		2676B1472339545C00B3FF34 /* LaunchScreen.storyboard in Resources */ = {isa = PBXBuildFile; fileRef = 2676B1452339545C00B3FF34 /* LaunchScreen.storyboard */; };
		2676B152233B390300B3FF34 /* Extensions.swift in Sources */ = {isa = PBXBuildFile; fileRef = 2676B151233B390300B3FF34 /* Extensions.swift */; };
		2676B154233B532000B3FF34 /* WSLoader.swift in Sources */ = {isa = PBXBuildFile; fileRef = 2676B153233B532000B3FF34 /* WSLoader.swift */; };
/* End PBXBuildFile section */

/* Begin PBXFileReference section */
		2676B1372339545700B3FF34 /* WSLoader Example.app */ = {isa = PBXFileReference; explicitFileType = wrapper.application; includeInIndex = 0; path = "WSLoader Example.app"; sourceTree = BUILT_PRODUCTS_DIR; };
		2676B13A2339545700B3FF34 /* AppDelegate.swift */ = {isa = PBXFileReference; lastKnownFileType = sourcecode.swift; path = AppDelegate.swift; sourceTree = "<group>"; };
		2676B13C2339545700B3FF34 /* SceneDelegate.swift */ = {isa = PBXFileReference; lastKnownFileType = sourcecode.swift; path = SceneDelegate.swift; sourceTree = "<group>"; };
		2676B13E2339545700B3FF34 /* ViewController.swift */ = {isa = PBXFileReference; lastKnownFileType = sourcecode.swift; path = ViewController.swift; sourceTree = "<group>"; };
		2676B1412339545700B3FF34 /* Base */ = {isa = PBXFileReference; lastKnownFileType = file.storyboard; name = Base; path = Base.lproj/Main.storyboard; sourceTree = "<group>"; };
		2676B1432339545C00B3FF34 /* Assets.xcassets */ = {isa = PBXFileReference; lastKnownFileType = folder.assetcatalog; path = Assets.xcassets; sourceTree = "<group>"; };
		2676B1462339545C00B3FF34 /* Base */ = {isa = PBXFileReference; lastKnownFileType = file.storyboard; name = Base; path = Base.lproj/LaunchScreen.storyboard; sourceTree = "<group>"; };
		2676B1482339545C00B3FF34 /* Info.plist */ = {isa = PBXFileReference; lastKnownFileType = text.plist.xml; path = Info.plist; sourceTree = "<group>"; };
		2676B151233B390300B3FF34 /* Extensions.swift */ = {isa = PBXFileReference; lastKnownFileType = sourcecode.swift; path = Extensions.swift; sourceTree = "<group>"; };
		2676B153233B532000B3FF34 /* WSLoader.swift */ = {isa = PBXFileReference; fileEncoding = 4; lastKnownFileType = sourcecode.swift; path = WSLoader.swift; sourceTree = "<group>"; };
/* End PBXFileReference section */

/* Begin PBXFrameworksBuildPhase section */
		2676B1342339545700B3FF34 /* Frameworks */ = {
			isa = PBXFrameworksBuildPhase;
			buildActionMask = 2147483647;
			files = (
			);
			runOnlyForDeploymentPostprocessing = 0;
		};
/* End PBXFrameworksBuildPhase section */

/* Begin PBXGroup section */
		2676B12E2339545700B3FF34 = {
			isa = PBXGroup;
			children = (
				2676B1392339545700B3FF34 /* WSLoader Example */,
				2676B1382339545700B3FF34 /* Products */,
			);
			sourceTree = "<group>";
		};
		2676B1382339545700B3FF34 /* Products */ = {
			isa = PBXGroup;
			children = (
				2676B1372339545700B3FF34 /* WSLoader Example.app */,
			);
			name = Products;
			sourceTree = "<group>";
		};
		2676B1392339545700B3FF34 /* WSLoader Example */ = {
			isa = PBXGroup;
			children = (
				2676B14E2339569F00B3FF34 /* WSLoader */,
				2676B13A2339545700B3FF34 /* AppDelegate.swift */,
				2676B13C2339545700B3FF34 /* SceneDelegate.swift */,
				2676B13E2339545700B3FF34 /* ViewController.swift */,
				2676B1402339545700B3FF34 /* Main.storyboard */,
				2676B1432339545C00B3FF34 /* Assets.xcassets */,
				2676B1452339545C00B3FF34 /* LaunchScreen.storyboard */,
				2676B1482339545C00B3FF34 /* Info.plist */,
				2676B151233B390300B3FF34 /* Extensions.swift */,
			);
			path = "WSLoader Example";
			sourceTree = "<group>";
		};
		2676B14E2339569F00B3FF34 /* WSLoader */ = {
			isa = PBXGroup;
			children = (
				2676B153233B532000B3FF34 /* WSLoader.swift */,
			);
			path = WSLoader;
			sourceTree = "<group>";
		};
/* End PBXGroup section */

/* Begin PBXNativeTarget section */
		2676B1362339545700B3FF34 /* WSLoader Example */ = {
			isa = PBXNativeTarget;
			buildConfigurationList = 2676B14B2339545C00B3FF34 /* Build configuration list for PBXNativeTarget "WSLoader Example" */;
			buildPhases = (
				2676B1332339545700B3FF34 /* Sources */,
				2676B1342339545700B3FF34 /* Frameworks */,
				2676B1352339545700B3FF34 /* Resources */,
			);
			buildRules = (
			);
			dependencies = (
			);
			name = "WSLoader Example";
			productName = WSLoader;
			productReference = 2676B1372339545700B3FF34 /* WSLoader Example.app */;
			productType = "com.apple.product-type.application";
		};
/* End PBXNativeTarget section */

/* Begin PBXProject section */
		2676B12F2339545700B3FF34 /* Project object */ = {
			isa = PBXProject;
			attributes = {
				LastSwiftUpdateCheck = 1100;
				LastUpgradeCheck = 1100;
				ORGANIZATIONNAME = Tina;
				TargetAttributes = {
					2676B1362339545700B3FF34 = {
						CreatedOnToolsVersion = 11.0;
					};
				};
			};
			buildConfigurationList = 2676B1322339545700B3FF34 /* Build configuration list for PBXProject "WSLoader Example" */;
			compatibilityVersion = "Xcode 9.3";
			developmentRegion = en;
			hasScannedForEncodings = 0;
			knownRegions = (
				en,
				Base,
			);
			mainGroup = 2676B12E2339545700B3FF34;
			productRefGroup = 2676B1382339545700B3FF34 /* Products */;
			projectDirPath = "";
			projectRoot = "";
			targets = (
				2676B1362339545700B3FF34 /* WSLoader Example */,
			);
		};
/* End PBXProject section */

/* Begin PBXResourcesBuildPhase section */
		2676B1352339545700B3FF34 /* Resources */ = {
			isa = PBXResourcesBuildPhase;
			buildActionMask = 2147483647;
			files = (
				2676B1472339545C00B3FF34 /* LaunchScreen.storyboard in Resources */,
				2676B1442339545C00B3FF34 /* Assets.xcassets in Resources */,
				2676B1422339545700B3FF34 /* Main.storyboard in Resources */,
			);
			runOnlyForDeploymentPostprocessing = 0;
		};
/* End PBXResourcesBuildPhase section */

/* Begin PBXSourcesBuildPhase section */
		2676B1332339545700B3FF34 /* Sources */ = {
			isa = PBXSourcesBuildPhase;
			buildActionMask = 2147483647;
			files = (
				2676B152233B390300B3FF34 /* Extensions.swift in Sources */,
				2676B154233B532000B3FF34 /* WSLoader.swift in Sources */,
				2676B13F2339545700B3FF34 /* ViewController.swift in Sources */,
				2676B13B2339545700B3FF34 /* AppDelegate.swift in Sources */,
				2676B13D2339545700B3FF34 /* SceneDelegate.swift in Sources */,
			);
			runOnlyForDeploymentPostprocessing = 0;
		};
/* End PBXSourcesBuildPhase section */

/* Begin PBXVariantGroup section */
		2676B1402339545700B3FF34 /* Main.storyboard */ = {
			isa = PBXVariantGroup;
			children = (
				2676B1412339545700B3FF34 /* Base */,
			);
			name = Main.storyboard;
			sourceTree = "<group>";
		};
		2676B1452339545C00B3FF34 /* LaunchScreen.storyboard */ = {
			isa = PBXVariantGroup;
			children = (
				2676B1462339545C00B3FF34 /* Base */,
			);
			name = LaunchScreen.storyboard;
			sourceTree = "<group>";
		};
/* End PBXVariantGroup section */

/* Begin XCBuildConfiguration section */
		2676B1492339545C00B3FF34 /* Debug */ = {
			isa = XCBuildConfiguration;
			buildSettings = {
				ALWAYS_SEARCH_USER_PATHS = NO;
				CLANG_ANALYZER_NONNULL = YES;
				CLANG_ANALYZER_NUMBER_OBJECT_CONVERSION = YES_AGGRESSIVE;
				CLANG_CXX_LANGUAGE_STANDARD = "gnu++14";
				CLANG_CXX_LIBRARY = "libc++";
				CLANG_ENABLE_MODULES = YES;
				CLANG_ENABLE_OBJC_ARC = YES;
				CLANG_ENABLE_OBJC_WEAK = YES;
				CLANG_WARN_BLOCK_CAPTURE_AUTORELEASING = YES;
				CLANG_WARN_BOOL_CONVERSION = YES;
				CLANG_WARN_COMMA = YES;
				CLANG_WARN_CONSTANT_CONVERSION = YES;
				CLANG_WARN_DEPRECATED_OBJC_IMPLEMENTATIONS = YES;
				CLANG_WARN_DIRECT_OBJC_ISA_USAGE = YES_ERROR;
				CLANG_WARN_DOCUMENTATION_COMMENTS = YES;
				CLANG_WARN_EMPTY_BODY = YES;
				CLANG_WARN_ENUM_CONVERSION = YES;
				CLANG_WARN_INFINITE_RECURSION = YES;
				CLANG_WARN_INT_CONVERSION = YES;
				CLANG_WARN_NON_LITERAL_NULL_CONVERSION = YES;
				CLANG_WARN_OBJC_IMPLICIT_RETAIN_SELF = YES;
				CLANG_WARN_OBJC_LITERAL_CONVERSION = YES;
				CLANG_WARN_OBJC_ROOT_CLASS = YES_ERROR;
				CLANG_WARN_RANGE_LOOP_ANALYSIS = YES;
				CLANG_WARN_STRICT_PROTOTYPES = YES;
				CLANG_WARN_SUSPICIOUS_MOVE = YES;
				CLANG_WARN_UNGUARDED_AVAILABILITY = YES_AGGRESSIVE;
				CLANG_WARN_UNREACHABLE_CODE = YES;
				CLANG_WARN__DUPLICATE_METHOD_MATCH = YES;
				COPY_PHASE_STRIP = NO;
				DEBUG_INFORMATION_FORMAT = dwarf;
				ENABLE_STRICT_OBJC_MSGSEND = YES;
				ENABLE_TESTABILITY = YES;
				GCC_C_LANGUAGE_STANDARD = gnu11;
				GCC_DYNAMIC_NO_PIC = NO;
				GCC_NO_COMMON_BLOCKS = YES;
				GCC_OPTIMIZATION_LEVEL = 0;
				GCC_PREPROCESSOR_DEFINITIONS = (
					"DEBUG=1",
					"$(inherited)",
				);
				GCC_WARN_64_TO_32_BIT_CONVERSION = YES;
				GCC_WARN_ABOUT_RETURN_TYPE = YES_ERROR;
				GCC_WARN_UNDECLARED_SELECTOR = YES;
				GCC_WARN_UNINITIALIZED_AUTOS = YES_AGGRESSIVE;
				GCC_WARN_UNUSED_FUNCTION = YES;
				GCC_WARN_UNUSED_VARIABLE = YES;
				IPHONEOS_DEPLOYMENT_TARGET = 13.0;
				MTL_ENABLE_DEBUG_INFO = INCLUDE_SOURCE;
				MTL_FAST_MATH = YES;
				ONLY_ACTIVE_ARCH = YES;
				SDKROOT = iphoneos;
				SWIFT_ACTIVE_COMPILATION_CONDITIONS = DEBUG;
				SWIFT_OPTIMIZATION_LEVEL = "-Onone";
			};
			name = Debug;
		};
		2676B14A2339545C00B3FF34 /* Release */ = {
			isa = XCBuildConfiguration;
			buildSettings = {
				ALWAYS_SEARCH_USER_PATHS = NO;
				CLANG_ANALYZER_NONNULL = YES;
				CLANG_ANALYZER_NUMBER_OBJECT_CONVERSION = YES_AGGRESSIVE;
				CLANG_CXX_LANGUAGE_STANDARD = "gnu++14";
				CLANG_CXX_LIBRARY = "libc++";
				CLANG_ENABLE_MODULES = YES;
				CLANG_ENABLE_OBJC_ARC = YES;
				CLANG_ENABLE_OBJC_WEAK = YES;
				CLANG_WARN_BLOCK_CAPTURE_AUTORELEASING = YES;
				CLANG_WARN_BOOL_CONVERSION = YES;
				CLANG_WARN_COMMA = YES;
				CLANG_WARN_CONSTANT_CONVERSION = YES;
				CLANG_WARN_DEPRECATED_OBJC_IMPLEMENTATIONS = YES;
				CLANG_WARN_DIRECT_OBJC_ISA_USAGE = YES_ERROR;
				CLANG_WARN_DOCUMENTATION_COMMENTS = YES;
				CLANG_WARN_EMPTY_BODY = YES;
				CLANG_WARN_ENUM_CONVERSION = YES;
				CLANG_WARN_INFINITE_RECURSION = YES;
				CLANG_WARN_INT_CONVERSION = YES;
				CLANG_WARN_NON_LITERAL_NULL_CONVERSION = YES;
				CLANG_WARN_OBJC_IMPLICIT_RETAIN_SELF = YES;
				CLANG_WARN_OBJC_LITERAL_CONVERSION = YES;
				CLANG_WARN_OBJC_ROOT_CLASS = YES_ERROR;
				CLANG_WARN_RANGE_LOOP_ANALYSIS = YES;
				CLANG_WARN_STRICT_PROTOTYPES = YES;
				CLANG_WARN_SUSPICIOUS_MOVE = YES;
				CLANG_WARN_UNGUARDED_AVAILABILITY = YES_AGGRESSIVE;
				CLANG_WARN_UNREACHABLE_CODE = YES;
				CLANG_WARN__DUPLICATE_METHOD_MATCH = YES;
				COPY_PHASE_STRIP = NO;
				DEBUG_INFORMATION_FORMAT = "dwarf-with-dsym";
				ENABLE_NS_ASSERTIONS = NO;
				ENABLE_STRICT_OBJC_MSGSEND = YES;
				GCC_C_LANGUAGE_STANDARD = gnu11;
				GCC_NO_COMMON_BLOCKS = YES;
				GCC_WARN_64_TO_32_BIT_CONVERSION = YES;
				GCC_WARN_ABOUT_RETURN_TYPE = YES_ERROR;
				GCC_WARN_UNDECLARED_SELECTOR = YES;
				GCC_WARN_UNINITIALIZED_AUTOS = YES_AGGRESSIVE;
				GCC_WARN_UNUSED_FUNCTION = YES;
				GCC_WARN_UNUSED_VARIABLE = YES;
				IPHONEOS_DEPLOYMENT_TARGET = 13.0;
				MTL_ENABLE_DEBUG_INFO = NO;
				MTL_FAST_MATH = YES;
				SDKROOT = iphoneos;
				SWIFT_COMPILATION_MODE = wholemodule;
				SWIFT_OPTIMIZATION_LEVEL = "-O";
				VALIDATE_PRODUCT = YES;
			};
			name = Release;
		};
		2676B14C2339545C00B3FF34 /* Debug */ = {
			isa = XCBuildConfiguration;
			buildSettings = {
				ASSETCATALOG_COMPILER_APPICON_NAME = AppIcon;
				CODE_SIGN_STYLE = Automatic;
				DEVELOPMENT_TEAM = ZW74933TJJ;
				INFOPLIST_FILE = "WSLoader Example/Info.plist";
				IPHONEOS_DEPLOYMENT_TARGET = 11.0;
				LD_RUNPATH_SEARCH_PATHS = (
					"$(inherited)",
					"@executable_path/Frameworks",
				);
				PRODUCT_BUNDLE_IDENTIFIER = com.myjawdrops.www.WSLoader;
				PRODUCT_NAME = "$(TARGET_NAME)";
				SWIFT_VERSION = 5.0;
				TARGETED_DEVICE_FAMILY = "1,2";
			};
			name = Debug;
		};
		2676B14D2339545C00B3FF34 /* Release */ = {
			isa = XCBuildConfiguration;
			buildSettings = {
				ASSETCATALOG_COMPILER_APPICON_NAME = AppIcon;
				CODE_SIGN_STYLE = Automatic;
				DEVELOPMENT_TEAM = ZW74933TJJ;
				INFOPLIST_FILE = "WSLoader Example/Info.plist";
				IPHONEOS_DEPLOYMENT_TARGET = 11.0;
				LD_RUNPATH_SEARCH_PATHS = (
					"$(inherited)",
					"@executable_path/Frameworks",
				);
				PRODUCT_BUNDLE_IDENTIFIER = com.myjawdrops.www.WSLoader;
				PRODUCT_NAME = "$(TARGET_NAME)";
				SWIFT_VERSION = 5.0;
				TARGETED_DEVICE_FAMILY = "1,2";
			};
			name = Release;
		};
/* End XCBuildConfiguration section */

/* Begin XCConfigurationList section */
		2676B1322339545700B3FF34 /* Build configuration list for PBXProject "WSLoader Example" */ = {
			isa = XCConfigurationList;
			buildConfigurations = (
				2676B1492339545C00B3FF34 /* Debug */,
				2676B14A2339545C00B3FF34 /* Release */,
			);
			defaultConfigurationIsVisible = 0;
			defaultConfigurationName = Release;
		};
		2676B14B2339545C00B3FF34 /* Build configuration list for PBXNativeTarget "WSLoader Example" */ = {
			isa = XCConfigurationList;
			buildConfigurations = (
				2676B14C2339545C00B3FF34 /* Debug */,
				2676B14D2339545C00B3FF34 /* Release */,
			);
			defaultConfigurationIsVisible = 0;
			defaultConfigurationName = Release;
		};
/* End XCConfigurationList section */
	};
	rootObject = 2676B12F2339545700B3FF34 /* Project object */;
}
